
Microsoft Visual Studio Solution File, Format Version 12.00
# Visual Studio Version 16
VisualStudioVersion = 16.0.29418.71
MinimumVisualStudioVersion = 10.0.40219.1
Project("{FAE04EC0-301F-11D3-BF4B-00C04F79EFBC}") = "Wpf_Homew3", "Wpf_Homew3\Wpf_Homew3.csproj", "{EDCBFA98-6E5E-4974-9ED8-74F5D7C5F73F}"
EndProject
Global
	GlobalSection(SolutionConfigurationPlatforms) = preSolution
		Debug|Any CPU = Debug|Any CPU
		Release|Any CPU = Release|Any CPU
	EndGlobalSection
	GlobalSection(ProjectConfigurationPlatforms) = postSolution
		{EDCBFA98-6E5E-4974-9ED8-74F5D7C5F73F}.Debug|Any CPU.ActiveCfg = Debug|Any CPU
		{EDCBFA98-6E5E-4974-9ED8-74F5D7C5F73F}.Debug|Any CPU.Build.0 = Debug|Any CPU
		{EDCBFA98-6E5E-4974-9ED8-74F5D7C5F73F}.Release|Any CPU.ActiveCfg = Release|Any CPU
		{EDCBFA98-6E5E-4974-9ED8-74F5D7C5F73F}.Release|Any CPU.Build.0 = Release|Any CPU
	EndGlobalSection
	GlobalSection(SolutionProperties) = preSolution
		HideSolutionNode = FALSE
	EndGlobalSection
	GlobalSection(ExtensibilityGlobals) = postSolution
		SolutionGuid = {8CB94B2B-2A9B-422F-96E5-7871D0190161}
	EndGlobalSection
EndGlobal
